// !$*UTF8*$!
{
	archiveVersion = 1;
	classes = {
	};
	objectVersion = 46;
	objects = {

/* Begin PBXBuildFile section */
		ED10DF311DBEF3DE0079FF56 /* main.m in Sources */ = {isa = PBXBuildFile; fileRef = ED10DF301DBEF3DE0079FF56 /* main.m */; };
		ED10DF341DBEF3DE0079FF56 /* AppDelegate.m in Sources */ = {isa = PBXBuildFile; fileRef = ED10DF331DBEF3DE0079FF56 /* AppDelegate.m */; };
		ED10DF371DBEF3DE0079FF56 /* ViewController.m in Sources */ = {isa = PBXBuildFile; fileRef = ED10DF361DBEF3DE0079FF56 /* ViewController.m */; };
		ED10DF3A1DBEF3DE0079FF56 /* Main.storyboard in Resources */ = {isa = PBXBuildFile; fileRef = ED10DF381DBEF3DE0079FF56 /* Main.storyboard */; };
		ED10DF3C1DBEF3DE0079FF56 /* Assets.xcassets in Resources */ = {isa = PBXBuildFile; fileRef = ED10DF3B1DBEF3DE0079FF56 /* Assets.xcassets */; };
		ED10DF3F1DBEF3DE0079FF56 /* LaunchScreen.storyboard in Resources */ = {isa = PBXBuildFile; fileRef = ED10DF3D1DBEF3DE0079FF56 /* LaunchScreen.storyboard */; };
		ED10DF491DBEF4E10079FF56 /* ANCell1.m in Sources */ = {isa = PBXBuildFile; fileRef = ED10DF471DBEF4E10079FF56 /* ANCell1.m */; };
		ED10DF4E1DBEF4F20079FF56 /* ANCell2.m in Sources */ = {isa = PBXBuildFile; fileRef = ED10DF4C1DBEF4F20079FF56 /* ANCell2.m */; };
		ED10DF531DBEF84D0079FF56 /* ANCell3.m in Sources */ = {isa = PBXBuildFile; fileRef = ED10DF511DBEF84D0079FF56 /* ANCell3.m */; };
/* End PBXBuildFile section */

/* Begin PBXFileReference section */
		ED10DF2C1DBEF3DE0079FF56 /* TableView多个Cell.app */ = {isa = PBXFileReference; explicitFileType = wrapper.application; includeInIndex = 0; path = "TableView多个Cell.app"; sourceTree = BUILT_PRODUCTS_DIR; };
		ED10DF301DBEF3DE0079FF56 /* main.m */ = {isa = PBXFileReference; lastKnownFileType = sourcecode.c.objc; path = main.m; sourceTree = "<group>"; };
		ED10DF321DBEF3DE0079FF56 /* AppDelegate.h */ = {isa = PBXFileReference; lastKnownFileType = sourcecode.c.h; path = AppDelegate.h; sourceTree = "<group>"; };
		ED10DF331DBEF3DE0079FF56 /* AppDelegate.m */ = {isa = PBXFileReference; lastKnownFileType = sourcecode.c.objc; path = AppDelegate.m; sourceTree = "<group>"; };
		ED10DF351DBEF3DE0079FF56 /* ViewController.h */ = {isa = PBXFileReference; lastKnownFileType = sourcecode.c.h; path = ViewController.h; sourceTree = "<group>"; };
		ED10DF361DBEF3DE0079FF56 /* ViewController.m */ = {isa = PBXFileReference; lastKnownFileType = sourcecode.c.objc; path = ViewController.m; sourceTree = "<group>"; };
		ED10DF391DBEF3DE0079FF56 /* Base */ = {isa = PBXFileReference; lastKnownFileType = file.storyboard; name = Base; path = Base.lproj/Main.storyboard; sourceTree = "<group>"; };
		ED10DF3B1DBEF3DE0079FF56 /* Assets.xcassets */ = {isa = PBXFileReference; lastKnownFileType = folder.assetcatalog; path = Assets.xcassets; sourceTree = "<group>"; };
		ED10DF3E1DBEF3DE0079FF56 /* Base */ = {isa = PBXFileReference; lastKnownFileType = file.storyboard; name = Base; path = Base.lproj/LaunchScreen.storyboard; sourceTree = "<group>"; };
		ED10DF401DBEF3DE0079FF56 /* Info.plist */ = {isa = PBXFileReference; lastKnownFileType = text.plist.xml; path = Info.plist; sourceTree = "<group>"; };
		ED10DF461DBEF4E10079FF56 /* ANCell1.h */ = {isa = PBXFileReference; fileEncoding = 4; lastKnownFileType = sourcecode.c.h; path = ANCell1.h; sourceTree = "<group>"; };
		ED10DF471DBEF4E10079FF56 /* ANCell1.m */ = {isa = PBXFileReference; fileEncoding = 4; lastKnownFileType = sourcecode.c.objc; path = ANCell1.m; sourceTree = "<group>"; };
		ED10DF4B1DBEF4F20079FF56 /* ANCell2.h */ = {isa = PBXFileReference; fileEncoding = 4; lastKnownFileType = sourcecode.c.h; path = ANCell2.h; sourceTree = "<group>"; };
		ED10DF4C1DBEF4F20079FF56 /* ANCell2.m */ = {isa = PBXFileReference; fileEncoding = 4; lastKnownFileType = sourcecode.c.objc; path = ANCell2.m; sourceTree = "<group>"; };
		ED10DF501DBEF84D0079FF56 /* ANCell3.h */ = {isa = PBXFileReference; fileEncoding = 4; lastKnownFileType = sourcecode.c.h; path = ANCell3.h; sourceTree = "<group>"; };
		ED10DF511DBEF84D0079FF56 /* ANCell3.m */ = {isa = PBXFileReference; fileEncoding = 4; lastKnownFileType = sourcecode.c.objc; path = ANCell3.m; sourceTree = "<group>"; };
/* End PBXFileReference section */

/* Begin PBXFrameworksBuildPhase section */
		ED10DF291DBEF3DE0079FF56 /* Frameworks */ = {
			isa = PBXFrameworksBuildPhase;
			buildActionMask = 2147483647;
			files = (
			);
			runOnlyForDeploymentPostprocessing = 0;
		};
/* End PBXFrameworksBuildPhase section */

/* Begin PBXGroup section */
		ED10DF231DBEF3DE0079FF56 = {
			isa = PBXGroup;
			children = (
				ED10DF2E1DBEF3DE0079FF56 /* TableView多个Cell */,
				ED10DF2D1DBEF3DE0079FF56 /* Products */,
			);
			sourceTree = "<group>";
		};
		ED10DF2D1DBEF3DE0079FF56 /* Products */ = {
			isa = PBXGroup;
			children = (
				ED10DF2C1DBEF3DE0079FF56 /* TableView多个Cell.app */,
			);
			name = Products;
			sourceTree = "<group>";
		};
		ED10DF2E1DBEF3DE0079FF56 /* TableView多个Cell */ = {
			isa = PBXGroup;
			children = (
				ED10DF321DBEF3DE0079FF56 /* AppDelegate.h */,
				ED10DF331DBEF3DE0079FF56 /* AppDelegate.m */,
				ED10DF351DBEF3DE0079FF56 /* ViewController.h */,
				ED10DF361DBEF3DE0079FF56 /* ViewController.m */,
				ED10DF381DBEF3DE0079FF56 /* Main.storyboard */,
				ED10DF3B1DBEF3DE0079FF56 /* Assets.xcassets */,
				ED10DF3D1DBEF3DE0079FF56 /* LaunchScreen.storyboard */,
				ED10DF401DBEF3DE0079FF56 /* Info.plist */,
				ED10DF2F1DBEF3DE0079FF56 /* Supporting Files */,
				ED10DF461DBEF4E10079FF56 /* ANCell1.h */,
				ED10DF471DBEF4E10079FF56 /* ANCell1.m */,
				ED10DF4B1DBEF4F20079FF56 /* ANCell2.h */,
				ED10DF4C1DBEF4F20079FF56 /* ANCell2.m */,
				ED10DF501DBEF84D0079FF56 /* ANCell3.h */,
				ED10DF511DBEF84D0079FF56 /* ANCell3.m */,
			);
			path = "TableView多个Cell";
			sourceTree = "<group>";
		};
		ED10DF2F1DBEF3DE0079FF56 /* Supporting Files */ = {
			isa = PBXGroup;
			children = (
				ED10DF301DBEF3DE0079FF56 /* main.m */,
			);
			name = "Supporting Files";
			sourceTree = "<group>";
		};
/* End PBXGroup section */

/* Begin PBXNativeTarget section */
		ED10DF2B1DBEF3DE0079FF56 /* TableView多个Cell */ = {
			isa = PBXNativeTarget;
			buildConfigurationList = ED10DF431DBEF3DE0079FF56 /* Build configuration list for PBXNativeTarget "TableView多个Cell" */;
			buildPhases = (
				ED10DF281DBEF3DE0079FF56 /* Sources */,
				ED10DF291DBEF3DE0079FF56 /* Frameworks */,
				ED10DF2A1DBEF3DE0079FF56 /* Resources */,
			);
			buildRules = (
			);
			dependencies = (
			);
			name = "TableView多个Cell";
			productName = "TableView多个Cell";
			productReference = ED10DF2C1DBEF3DE0079FF56 /* TableView多个Cell.app */;
			productType = "com.apple.product-type.application";
		};
/* End PBXNativeTarget section */

/* Begin PBXProject section */
		ED10DF241DBEF3DE0079FF56 /* Project object */ = {
			isa = PBXProject;
			attributes = {
				LastUpgradeCheck = 0730;
				ORGANIZATIONNAME = qianrun;
				TargetAttributes = {
					ED10DF2B1DBEF3DE0079FF56 = {
						CreatedOnToolsVersion = 7.3.1;
					};
				};
			};
			buildConfigurationList = ED10DF271DBEF3DE0079FF56 /* Build configuration list for PBXProject "TableView多个Cell" */;
			compatibilityVersion = "Xcode 3.2";
			developmentRegion = English;
			hasScannedForEncodings = 0;
			knownRegions = (
				en,
				Base,
			);
			mainGroup = ED10DF231DBEF3DE0079FF56;
			productRefGroup = ED10DF2D1DBEF3DE0079FF56 /* Products */;
			projectDirPath = "";
			projectRoot = "";
			targets = (
				ED10DF2B1DBEF3DE0079FF56 /* TableView多个Cell */,
			);
		};
/* End PBXProject section */

/* Begin PBXResourcesBuildPhase section */
		ED10DF2A1DBEF3DE0079FF56 /* Resources */ = {
			isa = PBXResourcesBuildPhase;
			buildActionMask = 2147483647;
			files = (
				ED10DF3F1DBEF3DE0079FF56 /* LaunchScreen.storyboard in Resources */,
				ED10DF3C1DBEF3DE0079FF56 /* Assets.xcassets in Resources */,
				ED10DF3A1DBEF3DE0079FF56 /* Main.storyboard in Resources */,
			);
			runOnlyForDeploymentPostprocessing = 0;
		};
/* End PBXResourcesBuildPhase section */

/* Begin PBXSourcesBuildPhase section */
		ED10DF281DBEF3DE0079FF56 /* Sources */ = {
			isa = PBXSourcesBuildPhase;
			buildActionMask = 2147483647;
			files = (
				ED10DF491DBEF4E10079FF56 /* ANCell1.m in Sources */,
				ED10DF371DBEF3DE0079FF56 /* ViewController.m in Sources */,
				ED10DF4E1DBEF4F20079FF56 /* ANCell2.m in Sources */,
				ED10DF341DBEF3DE0079FF56 /* AppDelegate.m in Sources */,
				ED10DF531DBEF84D0079FF56 /* ANCell3.m in Sources */,
				ED10DF311DBEF3DE0079FF56 /* main.m in Sources */,
			);
			runOnlyForDeploymentPostprocessing = 0;
		};
/* End PBXSourcesBuildPhase section */

/* Begin PBXVariantGroup section */
		ED10DF381DBEF3DE0079FF56 /* Main.storyboard */ = {
			isa = PBXVariantGroup;
			children = (
				ED10DF391DBEF3DE0079FF56 /* Base */,
			);
			name = Main.storyboard;
			sourceTree = "<group>";
		};
		ED10DF3D1DBEF3DE0079FF56 /* LaunchScreen.storyboard */ = {
			isa = PBXVariantGroup;
			children = (
				ED10DF3E1DBEF3DE0079FF56 /* Base */,
			);
			name = LaunchScreen.storyboard;
			sourceTree = "<group>";
		};
/* End PBXVariantGroup section */

/* Begin XCBuildConfiguration section */
		ED10DF411DBEF3DE0079FF56 /* Debug */ = {
			isa = XCBuildConfiguration;
			buildSettings = {
				ALWAYS_SEARCH_USER_PATHS = NO;
				CLANG_ANALYZER_NONNULL = YES;
				CLANG_CXX_LANGUAGE_STANDARD = "gnu++0x";
				CLANG_CXX_LIBRARY = "libc++";
				CLANG_ENABLE_MODULES = YES;
				CLANG_ENABLE_OBJC_ARC = YES;
				CLANG_WARN_BOOL_CONVERSION = YES;
				CLANG_WARN_CONSTANT_CONVERSION = YES;
				CLANG_WARN_DIRECT_OBJC_ISA_USAGE = YES_ERROR;
				CLANG_WARN_EMPTY_BODY = YES;
				CLANG_WARN_ENUM_CONVERSION = YES;
				CLANG_WARN_INT_CONVERSION = YES;
				CLANG_WARN_OBJC_ROOT_CLASS = YES_ERROR;
				CLANG_WARN_UNREACHABLE_CODE = YES;
				CLANG_WARN__DUPLICATE_METHOD_MATCH = YES;
				"CODE_SIGN_IDENTITY[sdk=iphoneos*]" = "iPhone Developer";
				COPY_PHASE_STRIP = NO;
				DEBUG_INFORMATION_FORMAT = dwarf;
				ENABLE_STRICT_OBJC_MSGSEND = YES;
				ENABLE_TESTABILITY = YES;
				GCC_C_LANGUAGE_STANDARD = gnu99;
				GCC_DYNAMIC_NO_PIC = NO;
				GCC_NO_COMMON_BLOCKS = YES;
				GCC_OPTIMIZATION_LEVEL = 0;
				GCC_PREPROCESSOR_DEFINITIONS = (
					"DEBUG=1",
					"$(inherited)",
				);
				GCC_WARN_64_TO_32_BIT_CONVERSION = YES;
				GCC_WARN_ABOUT_RETURN_TYPE = YES_ERROR;
				GCC_WARN_UNDECLARED_SELECTOR = YES;
				GCC_WARN_UNINITIALIZED_AUTOS = YES_AGGRESSIVE;
				GCC_WARN_UNUSED_FUNCTION = YES;
				GCC_WARN_UNUSED_VARIABLE = YES;
				IPHONEOS_DEPLOYMENT_TARGET = 9.3;
				MTL_ENABLE_DEBUG_INFO = YES;
				ONLY_ACTIVE_ARCH = YES;
				SDKROOT = iphoneos;
				TARGETED_DEVICE_FAMILY = "1,2";
			};
			name = Debug;
		};
		ED10DF421DBEF3DE0079FF56 /* Release */ = {
			isa = XCBuildConfiguration;
			buildSettings = {
				ALWAYS_SEARCH_USER_PATHS = NO;
				CLANG_ANALYZER_NONNULL = YES;
				CLANG_CXX_LANGUAGE_STANDARD = "gnu++0x";
				CLANG_CXX_LIBRARY = "libc++";
				CLANG_ENABLE_MODULES = YES;
				CLANG_ENABLE_OBJC_ARC = YES;
				CLANG_WARN_BOOL_CONVERSION = YES;
				CLANG_WARN_CONSTANT_CONVERSION = YES;
				CLANG_WARN_DIRECT_OBJC_ISA_USAGE = YES_ERROR;
				CLANG_WARN_EMPTY_BODY = YES;
				CLANG_WARN_ENUM_CONVERSION = YES;
				CLANG_WARN_INT_CONVERSION = YES;
				CLANG_WARN_OBJC_ROOT_CLASS = YES_ERROR;
				CLANG_WARN_UNREACHABLE_CODE = YES;
				CLANG_WARN__DUPLICATE_METHOD_MATCH = YES;
				"CODE_SIGN_IDENTITY[sdk=iphoneos*]" = "iPhone Developer";
				COPY_PHASE_STRIP = NO;
				DEBUG_INFORMATION_FORMAT = "dwarf-with-dsym";
				ENABLE_NS_ASSERTIONS = NO;
				ENABLE_STRICT_OBJC_MSGSEND = YES;
				GCC_C_LANGUAGE_STANDARD = gnu99;
				GCC_NO_COMMON_BLOCKS = YES;
				GCC_WARN_64_TO_32_BIT_CONVERSION = YES;
				GCC_WARN_ABOUT_RETURN_TYPE = YES_ERROR;
				GCC_WARN_UNDECLARED_SELECTOR = YES;
				GCC_WARN_UNINITIALIZED_AUTOS = YES_AGGRESSIVE;
				GCC_WARN_UNUSED_FUNCTION = YES;
				GCC_WARN_UNUSED_VARIABLE = YES;
				IPHONEOS_DEPLOYMENT_TARGET = 9.3;
				MTL_ENABLE_DEBUG_INFO = NO;
				SDKROOT = iphoneos;
				TARGETED_DEVICE_FAMILY = "1,2";
				VALIDATE_PRODUCT = YES;
			};
			name = Release;
		};
		ED10DF441DBEF3DE0079FF56 /* Debug */ = {
			isa = XCBuildConfiguration;
			buildSettings = {
				ASSETCATALOG_COMPILER_APPICON_NAME = AppIcon;
				INFOPLIST_FILE = "TableView多个Cell/Info.plist";
				LD_RUNPATH_SEARCH_PATHS = "$(inherited) @executable_path/Frameworks";
				PRODUCT_BUNDLE_IDENTIFIER = "com.qianrun.TableView--Cell";
				PRODUCT_NAME = "$(TARGET_NAME)";
			};
			name = Debug;
		};
		ED10DF451DBEF3DE0079FF56 /* Release */ = {
			isa = XCBuildConfiguration;
			buildSettings = {
				ASSETCATALOG_COMPILER_APPICON_NAME = AppIcon;
				INFOPLIST_FILE = "TableView多个Cell/Info.plist";
				LD_RUNPATH_SEARCH_PATHS = "$(inherited) @executable_path/Frameworks";
				PRODUCT_BUNDLE_IDENTIFIER = "com.qianrun.TableView--Cell";
				PRODUCT_NAME = "$(TARGET_NAME)";
			};
			name = Release;
		};
/* End XCBuildConfiguration section */

/* Begin XCConfigurationList section */
		ED10DF271DBEF3DE0079FF56 /* Build configuration list for PBXProject "TableView多个Cell" */ = {
			isa = XCConfigurationList;
			buildConfigurations = (
				ED10DF411DBEF3DE0079FF56 /* Debug */,
				ED10DF421DBEF3DE0079FF56 /* Release */,
			);
			defaultConfigurationIsVisible = 0;
			defaultConfigurationName = Release;
		};
		ED10DF431DBEF3DE0079FF56 /* Build configuration list for PBXNativeTarget "TableView多个Cell" */ = {
			isa = XCConfigurationList;
			buildConfigurations = (
				ED10DF441DBEF3DE0079FF56 /* Debug */,
				ED10DF451DBEF3DE0079FF56 /* Release */,
			);
			defaultConfigurationIsVisible = 0;
			defaultConfigurationName = Release;
		};
/* End XCConfigurationList section */
	};
	rootObject = ED10DF241DBEF3DE0079FF56 /* Project object */;
}
